
Microsoft Visual Studio Solution File, Format Version 12.00
# Visual Studio Version 16
VisualStudioVersion = 16.0.30104.148
MinimumVisualStudioVersion = 10.0.40219.1
Project("{FAE04EC0-301F-11D3-BF4B-00C04F79EFBC}") = "ConsoleApp1", "ConsoleApp1\ConsoleApp1.csproj", "{C511A373-7C8C-40EB-A0BA-3BB998FBA357}"
EndProject
Project("{FAE04EC0-301F-11D3-BF4B-00C04F79EFBC}") = "ConsoleApp2", "ConsoleApp2\ConsoleApp2.csproj", "{57514256-FC99-4C2F-8BE7-E1FD5787EA4D}"
EndProject
Project("{FAE04EC0-301F-11D3-BF4B-00C04F79EFBC}") = "ConsoleApp3", "ConsoleApp3\ConsoleApp3.csproj", "{E83325DA-6258-491A-85F4-4E3CBDF5497D}"
EndProject
Global
	GlobalSection(SolutionConfigurationPlatforms) = preSolution
		Debug|Any CPU = Debug|Any CPU
		Release|Any CPU = Release|Any CPU
	EndGlobalSection
	GlobalSection(ProjectConfigurationPlatforms) = postSolution
		{C511A373-7C8C-40EB-A0BA-3BB998FBA357}.Debug|Any CPU.ActiveCfg = Debug|Any CPU
		{C511A373-7C8C-40EB-A0BA-3BB998FBA357}.Debug|Any CPU.Build.0 = Debug|Any CPU
		{C511A373-7C8C-40EB-A0BA-3BB998FBA357}.Release|Any CPU.ActiveCfg = Release|Any CPU
		{C511A373-7C8C-40EB-A0BA-3BB998FBA357}.Release|Any CPU.Build.0 = Release|Any CPU
		{57514256-FC99-4C2F-8BE7-E1FD5787EA4D}.Debug|Any CPU.ActiveCfg = Debug|Any CPU
		{57514256-FC99-4C2F-8BE7-E1FD5787EA4D}.Debug|Any CPU.Build.0 = Debug|Any CPU
		{57514256-FC99-4C2F-8BE7-E1FD5787EA4D}.Release|Any CPU.ActiveCfg = Release|Any CPU
		{57514256-FC99-4C2F-8BE7-E1FD5787EA4D}.Release|Any CPU.Build.0 = Release|Any CPU
		{E83325DA-6258-491A-85F4-4E3CBDF5497D}.Debug|Any CPU.ActiveCfg = Debug|Any CPU
		{E83325DA-6258-491A-85F4-4E3CBDF5497D}.Debug|Any CPU.Build.0 = Debug|Any CPU
		{E83325DA-6258-491A-85F4-4E3CBDF5497D}.Release|Any CPU.ActiveCfg = Release|Any CPU
		{E83325DA-6258-491A-85F4-4E3CBDF5497D}.Release|Any CPU.Build.0 = Release|Any CPU
	EndGlobalSection
	GlobalSection(SolutionProperties) = preSolution
		HideSolutionNode = FALSE
	EndGlobalSection
	GlobalSection(ExtensibilityGlobals) = postSolution
		SolutionGuid = {2E77482E-D88D-4F06-A87C-C30E957B97AD}
	EndGlobalSection
EndGlobal
