
Microsoft Visual Studio Solution File, Format Version 12.00
# Visual Studio Version 16
VisualStudioVersion = 16.0.30104.148
MinimumVisualStudioVersion = 10.0.40219.1
Project("{FAE04EC0-301F-11D3-BF4B-00C04F79EFBC}") = "DiscreteMaths3", "DiscreteMaths3\DiscreteMaths3.csproj", "{AE9B8657-C300-4022-A373-EE3E606B271A}"
EndProject
Global
	GlobalSection(SolutionConfigurationPlatforms) = preSolution
		Debug|Any CPU = Debug|Any CPU
		Release|Any CPU = Release|Any CPU
	EndGlobalSection
	GlobalSection(ProjectConfigurationPlatforms) = postSolution
		{AE9B8657-C300-4022-A373-EE3E606B271A}.Debug|Any CPU.ActiveCfg = Debug|Any CPU
		{AE9B8657-C300-4022-A373-EE3E606B271A}.Debug|Any CPU.Build.0 = Debug|Any CPU
		{AE9B8657-C300-4022-A373-EE3E606B271A}.Release|Any CPU.ActiveCfg = Release|Any CPU
		{AE9B8657-C300-4022-A373-EE3E606B271A}.Release|Any CPU.Build.0 = Release|Any CPU
	EndGlobalSection
	GlobalSection(SolutionProperties) = preSolution
		HideSolutionNode = FALSE
	EndGlobalSection
	GlobalSection(ExtensibilityGlobals) = postSolution
		SolutionGuid = {69BC2C4E-1641-4ACA-A98A-D726A895DCE8}
	EndGlobalSection
EndGlobal
