
Microsoft Visual Studio Solution File, Format Version 12.00
# Visual Studio Version 16
VisualStudioVersion = 16.0.32228.343
MinimumVisualStudioVersion = 10.0.40219.1
Project("{FAE04EC0-301F-11D3-BF4B-00C04F79EFBC}") = "Lab16Main", "Lab16Main\Lab16Main.csproj", "{889DBD58-3C2A-40A1-B9D6-7B478681659E}"
EndProject
Project("{FAE04EC0-301F-11D3-BF4B-00C04F79EFBC}") = "Lab12", "Lab12\Lab12\Lab12.csproj", "{9F6DBD21-EBB5-4E0A-B3D6-5978E4AF3DB4}"
EndProject
Project("{FAE04EC0-301F-11D3-BF4B-00C04F79EFBC}") = "PersonLibrary", "PersonLibrary\PersonLibrary.csproj", "{1870C7C8-9FE2-4ED5-BCAD-39D423B85079}"
EndProject
Global
	GlobalSection(SolutionConfigurationPlatforms) = preSolution
		Debug|Any CPU = Debug|Any CPU
		Release|Any CPU = Release|Any CPU
	EndGlobalSection
	GlobalSection(ProjectConfigurationPlatforms) = postSolution
		{889DBD58-3C2A-40A1-B9D6-7B478681659E}.Debug|Any CPU.ActiveCfg = Debug|Any CPU
		{889DBD58-3C2A-40A1-B9D6-7B478681659E}.Debug|Any CPU.Build.0 = Debug|Any CPU
		{889DBD58-3C2A-40A1-B9D6-7B478681659E}.Release|Any CPU.ActiveCfg = Release|Any CPU
		{889DBD58-3C2A-40A1-B9D6-7B478681659E}.Release|Any CPU.Build.0 = Release|Any CPU
		{9F6DBD21-EBB5-4E0A-B3D6-5978E4AF3DB4}.Debug|Any CPU.ActiveCfg = Debug|Any CPU
		{9F6DBD21-EBB5-4E0A-B3D6-5978E4AF3DB4}.Debug|Any CPU.Build.0 = Debug|Any CPU
		{9F6DBD21-EBB5-4E0A-B3D6-5978E4AF3DB4}.Release|Any CPU.ActiveCfg = Release|Any CPU
		{9F6DBD21-EBB5-4E0A-B3D6-5978E4AF3DB4}.Release|Any CPU.Build.0 = Release|Any CPU
		{1870C7C8-9FE2-4ED5-BCAD-39D423B85079}.Debug|Any CPU.ActiveCfg = Debug|Any CPU
		{1870C7C8-9FE2-4ED5-BCAD-39D423B85079}.Debug|Any CPU.Build.0 = Debug|Any CPU
		{1870C7C8-9FE2-4ED5-BCAD-39D423B85079}.Release|Any CPU.ActiveCfg = Release|Any CPU
		{1870C7C8-9FE2-4ED5-BCAD-39D423B85079}.Release|Any CPU.Build.0 = Release|Any CPU
	EndGlobalSection
	GlobalSection(SolutionProperties) = preSolution
		HideSolutionNode = FALSE
	EndGlobalSection
	GlobalSection(ExtensibilityGlobals) = postSolution
		SolutionGuid = {0DDEE079-7447-42A6-B5B6-77596FA6A44B}
	EndGlobalSection
EndGlobal
