
Microsoft Visual Studio Solution File, Format Version 12.00
# Visual Studio Version 16
VisualStudioVersion = 16.0.32228.343
MinimumVisualStudioVersion = 10.0.40219.1
Project("{FAE04EC0-301F-11D3-BF4B-00C04F79EFBC}") = "WindowsFormsApp", "WindowsFormsApp\WindowsFormsApp.csproj", "{6A91E15C-EB52-4A9C-9B2C-CDD19DF43C90}"
EndProject
Global
	GlobalSection(SolutionConfigurationPlatforms) = preSolution
		Debug|Any CPU = Debug|Any CPU
		Release|Any CPU = Release|Any CPU
	EndGlobalSection
	GlobalSection(ProjectConfigurationPlatforms) = postSolution
		{6A91E15C-EB52-4A9C-9B2C-CDD19DF43C90}.Debug|Any CPU.ActiveCfg = Debug|Any CPU
		{6A91E15C-EB52-4A9C-9B2C-CDD19DF43C90}.Debug|Any CPU.Build.0 = Debug|Any CPU
		{6A91E15C-EB52-4A9C-9B2C-CDD19DF43C90}.Release|Any CPU.ActiveCfg = Release|Any CPU
		{6A91E15C-EB52-4A9C-9B2C-CDD19DF43C90}.Release|Any CPU.Build.0 = Release|Any CPU
	EndGlobalSection
	GlobalSection(SolutionProperties) = preSolution
		HideSolutionNode = FALSE
	EndGlobalSection
	GlobalSection(ExtensibilityGlobals) = postSolution
		SolutionGuid = {AD9B18CD-C87E-4661-8622-E07022B7C817}
	EndGlobalSection
EndGlobal
