
Microsoft Visual Studio Solution File, Format Version 12.00
# Visual Studio Version 16
VisualStudioVersion = 16.0.32106.194
MinimumVisualStudioVersion = 10.0.40219.1
Project("{FAE04EC0-301F-11D3-BF4B-00C04F79EFBC}") = "Lab13", "Lab13\Lab13.csproj", "{9784CB8F-8529-468C-AD4D-797E2D9858B9}"
EndProject
Project("{FAE04EC0-301F-11D3-BF4B-00C04F79EFBC}") = "Lab12", "Lab12\Lab12\Lab12.csproj", "{9F6DBD21-EBB5-4E0A-B3D6-5978E4AF3DB4}"
EndProject
Project("{FAE04EC0-301F-11D3-BF4B-00C04F79EFBC}") = "PersonLibrary", "Lab12\PersonLibrary\PersonLibrary.csproj", "{1870C7C8-9FE2-4ED5-BCAD-39D423B85079}"
EndProject
Project("{FAE04EC0-301F-11D3-BF4B-00C04F79EFBC}") = "UnitTests", "UnitTests\UnitTests.csproj", "{837DB934-435F-4CED-891B-58069C890A63}"
EndProject
Global
	GlobalSection(SolutionConfigurationPlatforms) = preSolution
		Debug|Any CPU = Debug|Any CPU
		Release|Any CPU = Release|Any CPU
	EndGlobalSection
	GlobalSection(ProjectConfigurationPlatforms) = postSolution
		{9784CB8F-8529-468C-AD4D-797E2D9858B9}.Debug|Any CPU.ActiveCfg = Debug|Any CPU
		{9784CB8F-8529-468C-AD4D-797E2D9858B9}.Debug|Any CPU.Build.0 = Debug|Any CPU
		{9784CB8F-8529-468C-AD4D-797E2D9858B9}.Release|Any CPU.ActiveCfg = Release|Any CPU
		{9784CB8F-8529-468C-AD4D-797E2D9858B9}.Release|Any CPU.Build.0 = Release|Any CPU
		{9F6DBD21-EBB5-4E0A-B3D6-5978E4AF3DB4}.Debug|Any CPU.ActiveCfg = Debug|Any CPU
		{9F6DBD21-EBB5-4E0A-B3D6-5978E4AF3DB4}.Debug|Any CPU.Build.0 = Debug|Any CPU
		{9F6DBD21-EBB5-4E0A-B3D6-5978E4AF3DB4}.Release|Any CPU.ActiveCfg = Release|Any CPU
		{9F6DBD21-EBB5-4E0A-B3D6-5978E4AF3DB4}.Release|Any CPU.Build.0 = Release|Any CPU
		{1870C7C8-9FE2-4ED5-BCAD-39D423B85079}.Debug|Any CPU.ActiveCfg = Debug|Any CPU
		{1870C7C8-9FE2-4ED5-BCAD-39D423B85079}.Debug|Any CPU.Build.0 = Debug|Any CPU
		{1870C7C8-9FE2-4ED5-BCAD-39D423B85079}.Release|Any CPU.ActiveCfg = Release|Any CPU
		{1870C7C8-9FE2-4ED5-BCAD-39D423B85079}.Release|Any CPU.Build.0 = Release|Any CPU
		{837DB934-435F-4CED-891B-58069C890A63}.Debug|Any CPU.ActiveCfg = Debug|Any CPU
		{837DB934-435F-4CED-891B-58069C890A63}.Debug|Any CPU.Build.0 = Debug|Any CPU
		{837DB934-435F-4CED-891B-58069C890A63}.Release|Any CPU.ActiveCfg = Release|Any CPU
		{837DB934-435F-4CED-891B-58069C890A63}.Release|Any CPU.Build.0 = Release|Any CPU
	EndGlobalSection
	GlobalSection(SolutionProperties) = preSolution
		HideSolutionNode = FALSE
	EndGlobalSection
	GlobalSection(ExtensibilityGlobals) = postSolution
		SolutionGuid = {3FAC469C-2E2C-44BF-AC40-DDF815E8B2BE}
	EndGlobalSection
EndGlobal
