
Microsoft Visual Studio Solution File, Format Version 12.00
# Visual Studio Version 16
VisualStudioVersion = 16.0.30104.148
MinimumVisualStudioVersion = 10.0.40219.1
Project("{FAE04EC0-301F-11D3-BF4B-00C04F79EFBC}") = "Lab6", "Lab6\Lab6.csproj", "{AC837544-FF75-4F11-A864-5AF2FB814FF3}"
EndProject
Project("{FAE04EC0-301F-11D3-BF4B-00C04F79EFBC}") = "SecondEx", "SecondEx\SecondEx.csproj", "{C9B2AC31-8898-4688-9AC2-E23D96569C7F}"
EndProject
Global
	GlobalSection(SolutionConfigurationPlatforms) = preSolution
		Debug|Any CPU = Debug|Any CPU
		Release|Any CPU = Release|Any CPU
	EndGlobalSection
	GlobalSection(ProjectConfigurationPlatforms) = postSolution
		{AC837544-FF75-4F11-A864-5AF2FB814FF3}.Debug|Any CPU.ActiveCfg = Debug|Any CPU
		{AC837544-FF75-4F11-A864-5AF2FB814FF3}.Debug|Any CPU.Build.0 = Debug|Any CPU
		{AC837544-FF75-4F11-A864-5AF2FB814FF3}.Release|Any CPU.ActiveCfg = Release|Any CPU
		{AC837544-FF75-4F11-A864-5AF2FB814FF3}.Release|Any CPU.Build.0 = Release|Any CPU
		{C9B2AC31-8898-4688-9AC2-E23D96569C7F}.Debug|Any CPU.ActiveCfg = Debug|Any CPU
		{C9B2AC31-8898-4688-9AC2-E23D96569C7F}.Debug|Any CPU.Build.0 = Debug|Any CPU
		{C9B2AC31-8898-4688-9AC2-E23D96569C7F}.Release|Any CPU.ActiveCfg = Release|Any CPU
		{C9B2AC31-8898-4688-9AC2-E23D96569C7F}.Release|Any CPU.Build.0 = Release|Any CPU
	EndGlobalSection
	GlobalSection(SolutionProperties) = preSolution
		HideSolutionNode = FALSE
	EndGlobalSection
	GlobalSection(ExtensibilityGlobals) = postSolution
		SolutionGuid = {D9745FEF-7AFF-475C-8F2B-B3022CE609B6}
	EndGlobalSection
EndGlobal
