
Microsoft Visual Studio Solution File, Format Version 12.00
# Visual Studio Version 16
VisualStudioVersion = 16.0.31911.196
MinimumVisualStudioVersion = 10.0.40219.1
Project("{8BC9CEB8-8B4A-11D0-8D11-00A0C91BC942}") = "Triangle1", "ConsoleApplication1\ConsoleApplication1.vcxproj", "{9BFCBF9D-0FB2-4745-A750-3E02E11795D2}"
EndProject
Project("{8BC9CEB8-8B4A-11D0-8D11-00A0C91BC942}") = "Triangle2", "Triangle2\Triangle2.vcxproj", "{87C77146-C17F-40BC-9928-069FCBDFD438}"
EndProject
Project("{8BC9CEB8-8B4A-11D0-8D11-00A0C91BC942}") = "Knight", "Knight\Knight.vcxproj", "{029CA84D-66CD-44E7-92BF-D9986EC04EB7}"
EndProject
Project("{8BC9CEB8-8B4A-11D0-8D11-00A0C91BC942}") = "CountZeros", "CountZeros\CountZeros.vcxproj", "{A7CC9F49-4F7E-4E51-BCCC-5E1B3E178BDA}"
EndProject
Project("{8BC9CEB8-8B4A-11D0-8D11-00A0C91BC942}") = "ForMarkovAlgo", "ForMarkovAlgo\ForMarkovAlgo.vcxproj", "{F6C9132A-1394-4797-B057-D4CED56F06D4}"
EndProject
Project("{8BC9CEB8-8B4A-11D0-8D11-00A0C91BC942}") = "SumForDigits", "SumForDigits\SumForDigits.vcxproj", "{886DA885-1036-48B1-BB0B-0109F1C1A475}"
EndProject
Project("{8BC9CEB8-8B4A-11D0-8D11-00A0C91BC942}") = "CheckIfSorted", "CheckIfSorted\CheckIfSorted.vcxproj", "{1C739305-4C66-4B99-88B8-C65698409AEE}"
EndProject
Project("{8BC9CEB8-8B4A-11D0-8D11-00A0C91BC942}") = "PositiveOrNegativeDigitFirst", "PositiveOrNegativeDigitFirst\PositiveOrNegativeDigitFirst.vcxproj", "{245FFFB5-E0AE-4A1D-B141-E0B1817067EC}"
EndProject
Project("{8BC9CEB8-8B4A-11D0-8D11-00A0C91BC942}") = "EmptySquare", "EmptySquare\EmptySquare.vcxproj", "{65224D40-7D63-4C48-994C-B373FA63F47E}"
EndProject
Project("{8BC9CEB8-8B4A-11D0-8D11-00A0C91BC942}") = "Wages", "Wages\Wages.vcxproj", "{DCA9489F-D8C2-409A-9DA3-40CF84B7CF46}"
EndProject
Project("{8BC9CEB8-8B4A-11D0-8D11-00A0C91BC942}") = "CountZ", "CountZ\CountZ.vcxproj", "{469C53FA-3191-45D4-9670-06BD62C98CEE}"
EndProject
Project("{8BC9CEB8-8B4A-11D0-8D11-00A0C91BC942}") = "ValueCointainsDigit", "ValueCointainsDigit\ValueCointainsDigit.vcxproj", "{CB32ADDD-867A-4607-920E-49A9D65CEFA3}"
EndProject
Project("{8BC9CEB8-8B4A-11D0-8D11-00A0C91BC942}") = "MaxMinValueSearch", "MaxMinValueSearch\MaxMinValueSearch.vcxproj", "{B4B159A2-68B9-4055-B9AC-A12D7D9A68AA}"
EndProject
Project("{8BC9CEB8-8B4A-11D0-8D11-00A0C91BC942}") = "OddDigitsForSelectedDigit", "OddDigitsForSelectedDigit\OddDigitsForSelectedDigit.vcxproj", "{FED55952-E547-4682-8780-383541E682C1}"
EndProject
Project("{8BC9CEB8-8B4A-11D0-8D11-00A0C91BC942}") = "CheckLettersFromWord", "CheckLettersFromWord\CheckLettersFromWord.vcxproj", "{241B7A30-54F0-4D4B-922B-7032D33135D7}"
EndProject
Project("{8BC9CEB8-8B4A-11D0-8D11-00A0C91BC942}") = "QuadraticEquation", "QuadraticEquation\QuadraticEquation.vcxproj", "{CCA4A8D2-2D4E-44FA-863A-BA6AA40BBB4D}"
EndProject
Project("{8BC9CEB8-8B4A-11D0-8D11-00A0C91BC942}") = "Lab4", "Lab4\Lab4.vcxproj", "{AFA130C4-11FF-4616-8670-3CEE71661AF6}"
EndProject
Project("{8BC9CEB8-8B4A-11D0-8D11-00A0C91BC942}") = "Months", "Months\Months.vcxproj", "{DB18D041-978A-44D9-B74E-BE6521D5C877}"
EndProject
Project("{8BC9CEB8-8B4A-11D0-8D11-00A0C91BC942}") = "Circles", "Circles\Circles.vcxproj", "{6F4F5AD0-97E7-4CFB-9002-AED4D3390A22}"
EndProject
Project("{8BC9CEB8-8B4A-11D0-8D11-00A0C91BC942}") = "SearchingRoots", "SearchingRoots\SearchingRoots.vcxproj", "{66384BA5-1EE1-4BFD-B881-950BC4D877E3}"
EndProject
Project("{8BC9CEB8-8B4A-11D0-8D11-00A0C91BC942}") = "Lab5", "Lab5\Lab5.vcxproj", "{56B1A82C-82F0-48B0-8588-1AEA1B885491}"
EndProject
Project("{8BC9CEB8-8B4A-11D0-8D11-00A0C91BC942}") = "Lab6", "Lab6\Lab6.vcxproj", "{721E1B3B-CF1A-4BCE-859C-47E00BA8D979}"
EndProject
Project("{8BC9CEB8-8B4A-11D0-8D11-00A0C91BC942}") = "Lab7.1", "Lab7.1\Lab7.1.vcxproj", "{CAB1A0F6-D898-4456-8522-C50500606F0C}"
EndProject
Project("{8BC9CEB8-8B4A-11D0-8D11-00A0C91BC942}") = "Lab7.2", "Lab7.2\Lab7.2.vcxproj", "{A538618E-E17B-47D6-ADCD-D826E3B2A6C1}"
EndProject
Project("{8BC9CEB8-8B4A-11D0-8D11-00A0C91BC942}") = "Recur", "Recur\Recur.vcxproj", "{F1DF62C4-D405-4771-AD19-79BF0722F898}"
EndProject
Project("{8BC9CEB8-8B4A-11D0-8D11-00A0C91BC942}") = "SortingLab", "SortingLab\SortingLab.vcxproj", "{2F8EFF9B-003A-408D-B045-6458E066DF58}"
EndProject
Global
	GlobalSection(SolutionConfigurationPlatforms) = preSolution
		Debug|x64 = Debug|x64
		Debug|x86 = Debug|x86
		Release|x64 = Release|x64
		Release|x86 = Release|x86
	EndGlobalSection
	GlobalSection(ProjectConfigurationPlatforms) = postSolution
		{9BFCBF9D-0FB2-4745-A750-3E02E11795D2}.Debug|x64.ActiveCfg = Debug|x64
		{9BFCBF9D-0FB2-4745-A750-3E02E11795D2}.Debug|x64.Build.0 = Debug|x64
		{9BFCBF9D-0FB2-4745-A750-3E02E11795D2}.Debug|x86.ActiveCfg = Debug|Win32
		{9BFCBF9D-0FB2-4745-A750-3E02E11795D2}.Debug|x86.Build.0 = Debug|Win32
		{9BFCBF9D-0FB2-4745-A750-3E02E11795D2}.Release|x64.ActiveCfg = Release|x64
		{9BFCBF9D-0FB2-4745-A750-3E02E11795D2}.Release|x64.Build.0 = Release|x64
		{9BFCBF9D-0FB2-4745-A750-3E02E11795D2}.Release|x86.ActiveCfg = Release|Win32
		{9BFCBF9D-0FB2-4745-A750-3E02E11795D2}.Release|x86.Build.0 = Release|Win32
		{87C77146-C17F-40BC-9928-069FCBDFD438}.Debug|x64.ActiveCfg = Debug|x64
		{87C77146-C17F-40BC-9928-069FCBDFD438}.Debug|x64.Build.0 = Debug|x64
		{87C77146-C17F-40BC-9928-069FCBDFD438}.Debug|x86.ActiveCfg = Debug|Win32
		{87C77146-C17F-40BC-9928-069FCBDFD438}.Debug|x86.Build.0 = Debug|Win32
		{87C77146-C17F-40BC-9928-069FCBDFD438}.Release|x64.ActiveCfg = Release|x64
		{87C77146-C17F-40BC-9928-069FCBDFD438}.Release|x64.Build.0 = Release|x64
		{87C77146-C17F-40BC-9928-069FCBDFD438}.Release|x86.ActiveCfg = Release|Win32
		{87C77146-C17F-40BC-9928-069FCBDFD438}.Release|x86.Build.0 = Release|Win32
		{029CA84D-66CD-44E7-92BF-D9986EC04EB7}.Debug|x64.ActiveCfg = Debug|x64
		{029CA84D-66CD-44E7-92BF-D9986EC04EB7}.Debug|x64.Build.0 = Debug|x64
		{029CA84D-66CD-44E7-92BF-D9986EC04EB7}.Debug|x86.ActiveCfg = Debug|Win32
		{029CA84D-66CD-44E7-92BF-D9986EC04EB7}.Debug|x86.Build.0 = Debug|Win32
		{029CA84D-66CD-44E7-92BF-D9986EC04EB7}.Release|x64.ActiveCfg = Release|x64
		{029CA84D-66CD-44E7-92BF-D9986EC04EB7}.Release|x64.Build.0 = Release|x64
		{029CA84D-66CD-44E7-92BF-D9986EC04EB7}.Release|x86.ActiveCfg = Release|Win32
		{029CA84D-66CD-44E7-92BF-D9986EC04EB7}.Release|x86.Build.0 = Release|Win32
		{A7CC9F49-4F7E-4E51-BCCC-5E1B3E178BDA}.Debug|x64.ActiveCfg = Debug|x64
		{A7CC9F49-4F7E-4E51-BCCC-5E1B3E178BDA}.Debug|x64.Build.0 = Debug|x64
		{A7CC9F49-4F7E-4E51-BCCC-5E1B3E178BDA}.Debug|x86.ActiveCfg = Debug|Win32
		{A7CC9F49-4F7E-4E51-BCCC-5E1B3E178BDA}.Debug|x86.Build.0 = Debug|Win32
		{A7CC9F49-4F7E-4E51-BCCC-5E1B3E178BDA}.Release|x64.ActiveCfg = Release|x64
		{A7CC9F49-4F7E-4E51-BCCC-5E1B3E178BDA}.Release|x64.Build.0 = Release|x64
		{A7CC9F49-4F7E-4E51-BCCC-5E1B3E178BDA}.Release|x86.ActiveCfg = Release|Win32
		{A7CC9F49-4F7E-4E51-BCCC-5E1B3E178BDA}.Release|x86.Build.0 = Release|Win32
		{F6C9132A-1394-4797-B057-D4CED56F06D4}.Debug|x64.ActiveCfg = Debug|x64
		{F6C9132A-1394-4797-B057-D4CED56F06D4}.Debug|x64.Build.0 = Debug|x64
		{F6C9132A-1394-4797-B057-D4CED56F06D4}.Debug|x86.ActiveCfg = Debug|Win32
		{F6C9132A-1394-4797-B057-D4CED56F06D4}.Debug|x86.Build.0 = Debug|Win32
		{F6C9132A-1394-4797-B057-D4CED56F06D4}.Release|x64.ActiveCfg = Release|x64
		{F6C9132A-1394-4797-B057-D4CED56F06D4}.Release|x64.Build.0 = Release|x64
		{F6C9132A-1394-4797-B057-D4CED56F06D4}.Release|x86.ActiveCfg = Release|Win32
		{F6C9132A-1394-4797-B057-D4CED56F06D4}.Release|x86.Build.0 = Release|Win32
		{886DA885-1036-48B1-BB0B-0109F1C1A475}.Debug|x64.ActiveCfg = Debug|x64
		{886DA885-1036-48B1-BB0B-0109F1C1A475}.Debug|x64.Build.0 = Debug|x64
		{886DA885-1036-48B1-BB0B-0109F1C1A475}.Debug|x86.ActiveCfg = Debug|Win32
		{886DA885-1036-48B1-BB0B-0109F1C1A475}.Debug|x86.Build.0 = Debug|Win32
		{886DA885-1036-48B1-BB0B-0109F1C1A475}.Release|x64.ActiveCfg = Release|x64
		{886DA885-1036-48B1-BB0B-0109F1C1A475}.Release|x64.Build.0 = Release|x64
		{886DA885-1036-48B1-BB0B-0109F1C1A475}.Release|x86.ActiveCfg = Release|Win32
		{886DA885-1036-48B1-BB0B-0109F1C1A475}.Release|x86.Build.0 = Release|Win32
		{1C739305-4C66-4B99-88B8-C65698409AEE}.Debug|x64.ActiveCfg = Debug|x64
		{1C739305-4C66-4B99-88B8-C65698409AEE}.Debug|x64.Build.0 = Debug|x64
		{1C739305-4C66-4B99-88B8-C65698409AEE}.Debug|x86.ActiveCfg = Debug|Win32
		{1C739305-4C66-4B99-88B8-C65698409AEE}.Debug|x86.Build.0 = Debug|Win32
		{1C739305-4C66-4B99-88B8-C65698409AEE}.Release|x64.ActiveCfg = Release|x64
		{1C739305-4C66-4B99-88B8-C65698409AEE}.Release|x64.Build.0 = Release|x64
		{1C739305-4C66-4B99-88B8-C65698409AEE}.Release|x86.ActiveCfg = Release|Win32
		{1C739305-4C66-4B99-88B8-C65698409AEE}.Release|x86.Build.0 = Release|Win32
		{245FFFB5-E0AE-4A1D-B141-E0B1817067EC}.Debug|x64.ActiveCfg = Debug|x64
		{245FFFB5-E0AE-4A1D-B141-E0B1817067EC}.Debug|x64.Build.0 = Debug|x64
		{245FFFB5-E0AE-4A1D-B141-E0B1817067EC}.Debug|x86.ActiveCfg = Debug|Win32
		{245FFFB5-E0AE-4A1D-B141-E0B1817067EC}.Debug|x86.Build.0 = Debug|Win32
		{245FFFB5-E0AE-4A1D-B141-E0B1817067EC}.Release|x64.ActiveCfg = Release|x64
		{245FFFB5-E0AE-4A1D-B141-E0B1817067EC}.Release|x64.Build.0 = Release|x64
		{245FFFB5-E0AE-4A1D-B141-E0B1817067EC}.Release|x86.ActiveCfg = Release|Win32
		{245FFFB5-E0AE-4A1D-B141-E0B1817067EC}.Release|x86.Build.0 = Release|Win32
		{65224D40-7D63-4C48-994C-B373FA63F47E}.Debug|x64.ActiveCfg = Debug|x64
		{65224D40-7D63-4C48-994C-B373FA63F47E}.Debug|x64.Build.0 = Debug|x64
		{65224D40-7D63-4C48-994C-B373FA63F47E}.Debug|x86.ActiveCfg = Debug|Win32
		{65224D40-7D63-4C48-994C-B373FA63F47E}.Debug|x86.Build.0 = Debug|Win32
		{65224D40-7D63-4C48-994C-B373FA63F47E}.Release|x64.ActiveCfg = Release|x64
		{65224D40-7D63-4C48-994C-B373FA63F47E}.Release|x64.Build.0 = Release|x64
		{65224D40-7D63-4C48-994C-B373FA63F47E}.Release|x86.ActiveCfg = Release|Win32
		{65224D40-7D63-4C48-994C-B373FA63F47E}.Release|x86.Build.0 = Release|Win32
		{DCA9489F-D8C2-409A-9DA3-40CF84B7CF46}.Debug|x64.ActiveCfg = Debug|x64
		{DCA9489F-D8C2-409A-9DA3-40CF84B7CF46}.Debug|x64.Build.0 = Debug|x64
		{DCA9489F-D8C2-409A-9DA3-40CF84B7CF46}.Debug|x86.ActiveCfg = Debug|Win32
		{DCA9489F-D8C2-409A-9DA3-40CF84B7CF46}.Debug|x86.Build.0 = Debug|Win32
		{DCA9489F-D8C2-409A-9DA3-40CF84B7CF46}.Release|x64.ActiveCfg = Release|x64
		{DCA9489F-D8C2-409A-9DA3-40CF84B7CF46}.Release|x64.Build.0 = Release|x64
		{DCA9489F-D8C2-409A-9DA3-40CF84B7CF46}.Release|x86.ActiveCfg = Release|Win32
		{DCA9489F-D8C2-409A-9DA3-40CF84B7CF46}.Release|x86.Build.0 = Release|Win32
		{469C53FA-3191-45D4-9670-06BD62C98CEE}.Debug|x64.ActiveCfg = Debug|x64
		{469C53FA-3191-45D4-9670-06BD62C98CEE}.Debug|x64.Build.0 = Debug|x64
		{469C53FA-3191-45D4-9670-06BD62C98CEE}.Debug|x86.ActiveCfg = Debug|Win32
		{469C53FA-3191-45D4-9670-06BD62C98CEE}.Debug|x86.Build.0 = Debug|Win32
		{469C53FA-3191-45D4-9670-06BD62C98CEE}.Release|x64.ActiveCfg = Release|x64
		{469C53FA-3191-45D4-9670-06BD62C98CEE}.Release|x64.Build.0 = Release|x64
		{469C53FA-3191-45D4-9670-06BD62C98CEE}.Release|x86.ActiveCfg = Release|Win32
		{469C53FA-3191-45D4-9670-06BD62C98CEE}.Release|x86.Build.0 = Release|Win32
		{CB32ADDD-867A-4607-920E-49A9D65CEFA3}.Debug|x64.ActiveCfg = Debug|x64
		{CB32ADDD-867A-4607-920E-49A9D65CEFA3}.Debug|x64.Build.0 = Debug|x64
		{CB32ADDD-867A-4607-920E-49A9D65CEFA3}.Debug|x86.ActiveCfg = Debug|Win32
		{CB32ADDD-867A-4607-920E-49A9D65CEFA3}.Debug|x86.Build.0 = Debug|Win32
		{CB32ADDD-867A-4607-920E-49A9D65CEFA3}.Release|x64.ActiveCfg = Release|x64
		{CB32ADDD-867A-4607-920E-49A9D65CEFA3}.Release|x64.Build.0 = Release|x64
		{CB32ADDD-867A-4607-920E-49A9D65CEFA3}.Release|x86.ActiveCfg = Release|Win32
		{CB32ADDD-867A-4607-920E-49A9D65CEFA3}.Release|x86.Build.0 = Release|Win32
		{B4B159A2-68B9-4055-B9AC-A12D7D9A68AA}.Debug|x64.ActiveCfg = Debug|x64
		{B4B159A2-68B9-4055-B9AC-A12D7D9A68AA}.Debug|x64.Build.0 = Debug|x64
		{B4B159A2-68B9-4055-B9AC-A12D7D9A68AA}.Debug|x86.ActiveCfg = Debug|Win32
		{B4B159A2-68B9-4055-B9AC-A12D7D9A68AA}.Debug|x86.Build.0 = Debug|Win32
		{B4B159A2-68B9-4055-B9AC-A12D7D9A68AA}.Release|x64.ActiveCfg = Release|x64
		{B4B159A2-68B9-4055-B9AC-A12D7D9A68AA}.Release|x64.Build.0 = Release|x64
		{B4B159A2-68B9-4055-B9AC-A12D7D9A68AA}.Release|x86.ActiveCfg = Release|Win32
		{B4B159A2-68B9-4055-B9AC-A12D7D9A68AA}.Release|x86.Build.0 = Release|Win32
		{FED55952-E547-4682-8780-383541E682C1}.Debug|x64.ActiveCfg = Debug|x64
		{FED55952-E547-4682-8780-383541E682C1}.Debug|x64.Build.0 = Debug|x64
		{FED55952-E547-4682-8780-383541E682C1}.Debug|x86.ActiveCfg = Debug|Win32
		{FED55952-E547-4682-8780-383541E682C1}.Debug|x86.Build.0 = Debug|Win32
		{FED55952-E547-4682-8780-383541E682C1}.Release|x64.ActiveCfg = Release|x64
		{FED55952-E547-4682-8780-383541E682C1}.Release|x64.Build.0 = Release|x64
		{FED55952-E547-4682-8780-383541E682C1}.Release|x86.ActiveCfg = Release|Win32
		{FED55952-E547-4682-8780-383541E682C1}.Release|x86.Build.0 = Release|Win32
		{241B7A30-54F0-4D4B-922B-7032D33135D7}.Debug|x64.ActiveCfg = Debug|x64
		{241B7A30-54F0-4D4B-922B-7032D33135D7}.Debug|x64.Build.0 = Debug|x64
		{241B7A30-54F0-4D4B-922B-7032D33135D7}.Debug|x86.ActiveCfg = Debug|Win32
		{241B7A30-54F0-4D4B-922B-7032D33135D7}.Debug|x86.Build.0 = Debug|Win32
		{241B7A30-54F0-4D4B-922B-7032D33135D7}.Release|x64.ActiveCfg = Release|x64
		{241B7A30-54F0-4D4B-922B-7032D33135D7}.Release|x64.Build.0 = Release|x64
		{241B7A30-54F0-4D4B-922B-7032D33135D7}.Release|x86.ActiveCfg = Release|Win32
		{241B7A30-54F0-4D4B-922B-7032D33135D7}.Release|x86.Build.0 = Release|Win32
		{CCA4A8D2-2D4E-44FA-863A-BA6AA40BBB4D}.Debug|x64.ActiveCfg = Debug|x64
		{CCA4A8D2-2D4E-44FA-863A-BA6AA40BBB4D}.Debug|x64.Build.0 = Debug|x64
		{CCA4A8D2-2D4E-44FA-863A-BA6AA40BBB4D}.Debug|x86.ActiveCfg = Debug|Win32
		{CCA4A8D2-2D4E-44FA-863A-BA6AA40BBB4D}.Debug|x86.Build.0 = Debug|Win32
		{CCA4A8D2-2D4E-44FA-863A-BA6AA40BBB4D}.Release|x64.ActiveCfg = Release|x64
		{CCA4A8D2-2D4E-44FA-863A-BA6AA40BBB4D}.Release|x64.Build.0 = Release|x64
		{CCA4A8D2-2D4E-44FA-863A-BA6AA40BBB4D}.Release|x86.ActiveCfg = Release|Win32
		{CCA4A8D2-2D4E-44FA-863A-BA6AA40BBB4D}.Release|x86.Build.0 = Release|Win32
		{AFA130C4-11FF-4616-8670-3CEE71661AF6}.Debug|x64.ActiveCfg = Debug|x64
		{AFA130C4-11FF-4616-8670-3CEE71661AF6}.Debug|x64.Build.0 = Debug|x64
		{AFA130C4-11FF-4616-8670-3CEE71661AF6}.Debug|x86.ActiveCfg = Debug|Win32
		{AFA130C4-11FF-4616-8670-3CEE71661AF6}.Debug|x86.Build.0 = Debug|Win32
		{AFA130C4-11FF-4616-8670-3CEE71661AF6}.Release|x64.ActiveCfg = Release|x64
		{AFA130C4-11FF-4616-8670-3CEE71661AF6}.Release|x64.Build.0 = Release|x64
		{AFA130C4-11FF-4616-8670-3CEE71661AF6}.Release|x86.ActiveCfg = Release|Win32
		{AFA130C4-11FF-4616-8670-3CEE71661AF6}.Release|x86.Build.0 = Release|Win32
		{DB18D041-978A-44D9-B74E-BE6521D5C877}.Debug|x64.ActiveCfg = Debug|x64
		{DB18D041-978A-44D9-B74E-BE6521D5C877}.Debug|x64.Build.0 = Debug|x64
		{DB18D041-978A-44D9-B74E-BE6521D5C877}.Debug|x86.ActiveCfg = Debug|Win32
		{DB18D041-978A-44D9-B74E-BE6521D5C877}.Debug|x86.Build.0 = Debug|Win32
		{DB18D041-978A-44D9-B74E-BE6521D5C877}.Release|x64.ActiveCfg = Release|x64
		{DB18D041-978A-44D9-B74E-BE6521D5C877}.Release|x64.Build.0 = Release|x64
		{DB18D041-978A-44D9-B74E-BE6521D5C877}.Release|x86.ActiveCfg = Release|Win32
		{DB18D041-978A-44D9-B74E-BE6521D5C877}.Release|x86.Build.0 = Release|Win32
		{6F4F5AD0-97E7-4CFB-9002-AED4D3390A22}.Debug|x64.ActiveCfg = Debug|x64
		{6F4F5AD0-97E7-4CFB-9002-AED4D3390A22}.Debug|x64.Build.0 = Debug|x64
		{6F4F5AD0-97E7-4CFB-9002-AED4D3390A22}.Debug|x86.ActiveCfg = Debug|Win32
		{6F4F5AD0-97E7-4CFB-9002-AED4D3390A22}.Debug|x86.Build.0 = Debug|Win32
		{6F4F5AD0-97E7-4CFB-9002-AED4D3390A22}.Release|x64.ActiveCfg = Release|x64
		{6F4F5AD0-97E7-4CFB-9002-AED4D3390A22}.Release|x64.Build.0 = Release|x64
		{6F4F5AD0-97E7-4CFB-9002-AED4D3390A22}.Release|x86.ActiveCfg = Release|Win32
		{6F4F5AD0-97E7-4CFB-9002-AED4D3390A22}.Release|x86.Build.0 = Release|Win32
		{66384BA5-1EE1-4BFD-B881-950BC4D877E3}.Debug|x64.ActiveCfg = Debug|x64
		{66384BA5-1EE1-4BFD-B881-950BC4D877E3}.Debug|x64.Build.0 = Debug|x64
		{66384BA5-1EE1-4BFD-B881-950BC4D877E3}.Debug|x86.ActiveCfg = Debug|Win32
		{66384BA5-1EE1-4BFD-B881-950BC4D877E3}.Debug|x86.Build.0 = Debug|Win32
		{66384BA5-1EE1-4BFD-B881-950BC4D877E3}.Release|x64.ActiveCfg = Release|x64
		{66384BA5-1EE1-4BFD-B881-950BC4D877E3}.Release|x64.Build.0 = Release|x64
		{66384BA5-1EE1-4BFD-B881-950BC4D877E3}.Release|x86.ActiveCfg = Release|Win32
		{66384BA5-1EE1-4BFD-B881-950BC4D877E3}.Release|x86.Build.0 = Release|Win32
		{56B1A82C-82F0-48B0-8588-1AEA1B885491}.Debug|x64.ActiveCfg = Debug|x64
		{56B1A82C-82F0-48B0-8588-1AEA1B885491}.Debug|x64.Build.0 = Debug|x64
		{56B1A82C-82F0-48B0-8588-1AEA1B885491}.Debug|x86.ActiveCfg = Debug|Win32
		{56B1A82C-82F0-48B0-8588-1AEA1B885491}.Debug|x86.Build.0 = Debug|Win32
		{56B1A82C-82F0-48B0-8588-1AEA1B885491}.Release|x64.ActiveCfg = Release|x64
		{56B1A82C-82F0-48B0-8588-1AEA1B885491}.Release|x64.Build.0 = Release|x64
		{56B1A82C-82F0-48B0-8588-1AEA1B885491}.Release|x86.ActiveCfg = Release|Win32
		{56B1A82C-82F0-48B0-8588-1AEA1B885491}.Release|x86.Build.0 = Release|Win32
		{721E1B3B-CF1A-4BCE-859C-47E00BA8D979}.Debug|x64.ActiveCfg = Debug|x64
		{721E1B3B-CF1A-4BCE-859C-47E00BA8D979}.Debug|x64.Build.0 = Debug|x64
		{721E1B3B-CF1A-4BCE-859C-47E00BA8D979}.Debug|x86.ActiveCfg = Debug|Win32
		{721E1B3B-CF1A-4BCE-859C-47E00BA8D979}.Debug|x86.Build.0 = Debug|Win32
		{721E1B3B-CF1A-4BCE-859C-47E00BA8D979}.Release|x64.ActiveCfg = Release|x64
		{721E1B3B-CF1A-4BCE-859C-47E00BA8D979}.Release|x64.Build.0 = Release|x64
		{721E1B3B-CF1A-4BCE-859C-47E00BA8D979}.Release|x86.ActiveCfg = Release|Win32
		{721E1B3B-CF1A-4BCE-859C-47E00BA8D979}.Release|x86.Build.0 = Release|Win32
		{CAB1A0F6-D898-4456-8522-C50500606F0C}.Debug|x64.ActiveCfg = Debug|x64
		{CAB1A0F6-D898-4456-8522-C50500606F0C}.Debug|x64.Build.0 = Debug|x64
		{CAB1A0F6-D898-4456-8522-C50500606F0C}.Debug|x86.ActiveCfg = Debug|Win32
		{CAB1A0F6-D898-4456-8522-C50500606F0C}.Debug|x86.Build.0 = Debug|Win32
		{CAB1A0F6-D898-4456-8522-C50500606F0C}.Release|x64.ActiveCfg = Release|x64
		{CAB1A0F6-D898-4456-8522-C50500606F0C}.Release|x64.Build.0 = Release|x64
		{CAB1A0F6-D898-4456-8522-C50500606F0C}.Release|x86.ActiveCfg = Release|Win32
		{CAB1A0F6-D898-4456-8522-C50500606F0C}.Release|x86.Build.0 = Release|Win32
		{A538618E-E17B-47D6-ADCD-D826E3B2A6C1}.Debug|x64.ActiveCfg = Debug|x64
		{A538618E-E17B-47D6-ADCD-D826E3B2A6C1}.Debug|x64.Build.0 = Debug|x64
		{A538618E-E17B-47D6-ADCD-D826E3B2A6C1}.Debug|x86.ActiveCfg = Debug|Win32
		{A538618E-E17B-47D6-ADCD-D826E3B2A6C1}.Debug|x86.Build.0 = Debug|Win32
		{A538618E-E17B-47D6-ADCD-D826E3B2A6C1}.Release|x64.ActiveCfg = Release|x64
		{A538618E-E17B-47D6-ADCD-D826E3B2A6C1}.Release|x64.Build.0 = Release|x64
		{A538618E-E17B-47D6-ADCD-D826E3B2A6C1}.Release|x86.ActiveCfg = Release|Win32
		{A538618E-E17B-47D6-ADCD-D826E3B2A6C1}.Release|x86.Build.0 = Release|Win32
		{F1DF62C4-D405-4771-AD19-79BF0722F898}.Debug|x64.ActiveCfg = Debug|x64
		{F1DF62C4-D405-4771-AD19-79BF0722F898}.Debug|x64.Build.0 = Debug|x64
		{F1DF62C4-D405-4771-AD19-79BF0722F898}.Debug|x86.ActiveCfg = Debug|Win32
		{F1DF62C4-D405-4771-AD19-79BF0722F898}.Debug|x86.Build.0 = Debug|Win32
		{F1DF62C4-D405-4771-AD19-79BF0722F898}.Release|x64.ActiveCfg = Release|x64
		{F1DF62C4-D405-4771-AD19-79BF0722F898}.Release|x64.Build.0 = Release|x64
		{F1DF62C4-D405-4771-AD19-79BF0722F898}.Release|x86.ActiveCfg = Release|Win32
		{F1DF62C4-D405-4771-AD19-79BF0722F898}.Release|x86.Build.0 = Release|Win32
		{2F8EFF9B-003A-408D-B045-6458E066DF58}.Debug|x64.ActiveCfg = Debug|x64
		{2F8EFF9B-003A-408D-B045-6458E066DF58}.Debug|x64.Build.0 = Debug|x64
		{2F8EFF9B-003A-408D-B045-6458E066DF58}.Debug|x86.ActiveCfg = Debug|Win32
		{2F8EFF9B-003A-408D-B045-6458E066DF58}.Debug|x86.Build.0 = Debug|Win32
		{2F8EFF9B-003A-408D-B045-6458E066DF58}.Release|x64.ActiveCfg = Release|x64
		{2F8EFF9B-003A-408D-B045-6458E066DF58}.Release|x64.Build.0 = Release|x64
		{2F8EFF9B-003A-408D-B045-6458E066DF58}.Release|x86.ActiveCfg = Release|Win32
		{2F8EFF9B-003A-408D-B045-6458E066DF58}.Release|x86.Build.0 = Release|Win32
	EndGlobalSection
	GlobalSection(SolutionProperties) = preSolution
		HideSolutionNode = FALSE
	EndGlobalSection
	GlobalSection(ExtensibilityGlobals) = postSolution
		SolutionGuid = {75B340E6-3739-4894-A6BE-77D4B5CD648C}
	EndGlobalSection
EndGlobal
